
Microsoft Visual Studio Solution File, Format Version 12.00
# Visual Studio Version 17
VisualStudioVersion = 17.5.002.0
MinimumVisualStudioVersion = 10.0.40219.1
Project("{9A19103F-16F7-4668-BE54-9A1E7A4F7556}") = "aspdotnet_main_server", "aspdotnet_main_server.csproj", "{7A5280E1-5193-4373-B513-63C4BDDC6F29}"
EndProject
Global
	GlobalSection(SolutionConfigurationPlatforms) = preSolution
		Debug|Any CPU = Debug|Any CPU
		Release|Any CPU = Release|Any CPU
	EndGlobalSection
	GlobalSection(ProjectConfigurationPlatforms) = postSolution
		{7A5280E1-5193-4373-B513-63C4BDDC6F29}.Debug|Any CPU.ActiveCfg = Debug|Any CPU
		{7A5280E1-5193-4373-B513-63C4BDDC6F29}.Debug|Any CPU.Build.0 = Debug|Any CPU
		{7A5280E1-5193-4373-B513-63C4BDDC6F29}.Release|Any CPU.ActiveCfg = Release|Any CPU
		{7A5280E1-5193-4373-B513-63C4BDDC6F29}.Release|Any CPU.Build.0 = Release|Any CPU
	EndGlobalSection
	GlobalSection(SolutionProperties) = preSolution
		HideSolutionNode = FALSE
	EndGlobalSection
	GlobalSection(ExtensibilityGlobals) = postSolution
		SolutionGuid = {70C82AB5-B09D-4B60-BD43-B3F5AE88C472}
	EndGlobalSection
EndGlobal
